// !$*UTF8*$!
{
	archiveVersion = 1;
	classes = {
	};
	objectVersion = 46;
	objects = {

/* Begin PBXBuildFile section */
		2201FD8117314A88006F2D5E /* ECGLArrayAttribute.h in Headers */ = {isa = PBXBuildFile; fileRef = 2201FD6817314A88006F2D5E /* ECGLArrayAttribute.h */; settings = {ATTRIBUTES = (Public, ); }; };
		2201FD8217314A88006F2D5E /* ECGLArrayAttribute.m in Sources */ = {isa = PBXBuildFile; fileRef = 2201FD6917314A88006F2D5E /* ECGLArrayAttribute.m */; };
		2201FD8317314A88006F2D5E /* ECGLAttribute.h in Headers */ = {isa = PBXBuildFile; fileRef = 2201FD6A17314A88006F2D5E /* ECGLAttribute.h */; settings = {ATTRIBUTES = (Public, ); }; };
		2201FD8417314A88006F2D5E /* ECGLAttribute.m in Sources */ = {isa = PBXBuildFile; fileRef = 2201FD6B17314A88006F2D5E /* ECGLAttribute.m */; };
		2201FD8617314A88006F2D5E /* ECGLFragmentShader.h in Headers */ = {isa = PBXBuildFile; fileRef = 2201FD6D17314A88006F2D5E /* ECGLFragmentShader.h */; settings = {ATTRIBUTES = (Public, ); }; };
		2201FD8717314A88006F2D5E /* ECGLFragmentShader.m in Sources */ = {isa = PBXBuildFile; fileRef = 2201FD6E17314A88006F2D5E /* ECGLFragmentShader.m */; };
		2201FD8817314A88006F2D5E /* ECGLGeometry.h in Headers */ = {isa = PBXBuildFile; fileRef = 2201FD6F17314A88006F2D5E /* ECGLGeometry.h */; settings = {ATTRIBUTES = (Public, ); }; };
		2201FD8917314A88006F2D5E /* ECGLGeometry.m in Sources */ = {isa = PBXBuildFile; fileRef = 2201FD7017314A88006F2D5E /* ECGLGeometry.m */; };
		2201FD8A17314A88006F2D5E /* ECGLLoader.h in Headers */ = {isa = PBXBuildFile; fileRef = 2201FD7117314A88006F2D5E /* ECGLLoader.h */; settings = {ATTRIBUTES = (Public, ); }; };
		2201FD8B17314A88006F2D5E /* ECGLLoader.m in Sources */ = {isa = PBXBuildFile; fileRef = 2201FD7217314A88006F2D5E /* ECGLLoader.m */; };
		2201FD8C17314A88006F2D5E /* ECGLMesh.h in Headers */ = {isa = PBXBuildFile; fileRef = 2201FD7317314A88006F2D5E /* ECGLMesh.h */; settings = {ATTRIBUTES = (Public, ); }; };
		2201FD8D17314A88006F2D5E /* ECGLMesh.m in Sources */ = {isa = PBXBuildFile; fileRef = 2201FD7417314A88006F2D5E /* ECGLMesh.m */; };
		2201FD8E17314A88006F2D5E /* ECGLShader.h in Headers */ = {isa = PBXBuildFile; fileRef = 2201FD7517314A88006F2D5E /* ECGLShader.h */; settings = {ATTRIBUTES = (Public, ); }; };
		2201FD8F17314A88006F2D5E /* ECGLShader.m in Sources */ = {isa = PBXBuildFile; fileRef = 2201FD7617314A88006F2D5E /* ECGLShader.m */; };
		2201FD9017314A88006F2D5E /* ECGLShaderProgram.h in Headers */ = {isa = PBXBuildFile; fileRef = 2201FD7717314A88006F2D5E /* ECGLShaderProgram.h */; settings = {ATTRIBUTES = (Public, ); }; };
		2201FD9117314A88006F2D5E /* ECGLShaderProgram.m in Sources */ = {isa = PBXBuildFile; fileRef = 2201FD7817314A88006F2D5E /* ECGLShaderProgram.m */; };
		2201FD9217314A88006F2D5E /* ECGLTextureLink.h in Headers */ = {isa = PBXBuildFile; fileRef = 2201FD7917314A88006F2D5E /* ECGLTextureLink.h */; settings = {ATTRIBUTES = (Public, ); }; };
		2201FD9317314A88006F2D5E /* ECGLTextureLink.m in Sources */ = {isa = PBXBuildFile; fileRef = 2201FD7A17314A88006F2D5E /* ECGLTextureLink.m */; };
		2201FD9417314A88006F2D5E /* ECGLUniformAttribute.h in Headers */ = {isa = PBXBuildFile; fileRef = 2201FD7B17314A88006F2D5E /* ECGLUniformAttribute.h */; settings = {ATTRIBUTES = (Public, ); }; };
		2201FD9517314A88006F2D5E /* ECGLUniformAttribute.m in Sources */ = {isa = PBXBuildFile; fileRef = 2201FD7C17314A88006F2D5E /* ECGLUniformAttribute.m */; };
		2201FD9617314A88006F2D5E /* ECGLUniformColourAttribute.h in Headers */ = {isa = PBXBuildFile; fileRef = 2201FD7D17314A88006F2D5E /* ECGLUniformColourAttribute.h */; settings = {ATTRIBUTES = (Public, ); }; };
		2201FD9717314A88006F2D5E /* ECGLUniformColourAttribute.m in Sources */ = {isa = PBXBuildFile; fileRef = 2201FD7E17314A88006F2D5E /* ECGLUniformColourAttribute.m */; };
		2201FD9817314A88006F2D5E /* ECGLVertexShader.h in Headers */ = {isa = PBXBuildFile; fileRef = 2201FD7F17314A88006F2D5E /* ECGLVertexShader.h */; settings = {ATTRIBUTES = (Public, ); }; };
		2201FD9917314A88006F2D5E /* ECGLVertexShader.m in Sources */ = {isa = PBXBuildFile; fileRef = 2201FD8017314A88006F2D5E /* ECGLVertexShader.m */; };
		2201FD9F17314A94006F2D5E /* ECGLTexture.h in Headers */ = {isa = PBXBuildFile; fileRef = 2201FD9B17314A94006F2D5E /* ECGLTexture.h */; };
		2201FDA017314A94006F2D5E /* ECGLTexture.m in Sources */ = {isa = PBXBuildFile; fileRef = 2201FD9C17314A94006F2D5E /* ECGLTexture.m */; };
		2201FDA117314A94006F2D5E /* ECGLView.h in Headers */ = {isa = PBXBuildFile; fileRef = 2201FD9D17314A94006F2D5E /* ECGLView.h */; };
		2201FDA217314A94006F2D5E /* ECGLView.m in Sources */ = {isa = PBXBuildFile; fileRef = 2201FD9E17314A94006F2D5E /* ECGLView.m */; };
		2201FDA417314E85006F2D5E /* GLKit.framework in Frameworks */ = {isa = PBXBuildFile; fileRef = 2201FDA317314E85006F2D5E /* GLKit.framework */; };
		2201FDA617314E8C006F2D5E /* OpenGL.framework in Frameworks */ = {isa = PBXBuildFile; fileRef = 2201FDA517314E8C006F2D5E /* OpenGL.framework */; };
		2201FDA817314F4F006F2D5E /* ECGL.h in Headers */ = {isa = PBXBuildFile; fileRef = 2201FDA717314F4F006F2D5E /* ECGL.h */; settings = {ATTRIBUTES = (Public, ); }; };
		2201FDA917314F4F006F2D5E /* ECGL.h in Headers */ = {isa = PBXBuildFile; fileRef = 2201FDA717314F4F006F2D5E /* ECGL.h */; settings = {ATTRIBUTES = (Public, ); }; };
		2201FDB8173187AF006F2D5E /* ECGLBoundAttribute.h in Headers */ = {isa = PBXBuildFile; fileRef = 2201FDB6173187AE006F2D5E /* ECGLBoundAttribute.h */; settings = {ATTRIBUTES = (Public, ); }; };
		2201FDB9173187AF006F2D5E /* ECGLBoundAttribute.h in Headers */ = {isa = PBXBuildFile; fileRef = 2201FDB6173187AE006F2D5E /* ECGLBoundAttribute.h */; settings = {ATTRIBUTES = (Public, ); }; };
		2201FDBA173187AF006F2D5E /* ECGLBoundAttribute.m in Sources */ = {isa = PBXBuildFile; fileRef = 2201FDB7173187AE006F2D5E /* ECGLBoundAttribute.m */; };
		2201FDBB173187AF006F2D5E /* ECGLBoundAttribute.m in Sources */ = {isa = PBXBuildFile; fileRef = 2201FDB7173187AE006F2D5E /* ECGLBoundAttribute.m */; };
		2201FDBE17318E7C006F2D5E /* ECGLUniformMatrix4Attribute.h in Headers */ = {isa = PBXBuildFile; fileRef = 2201FDBC17318E7B006F2D5E /* ECGLUniformMatrix4Attribute.h */; settings = {ATTRIBUTES = (Public, ); }; };
		2201FDBF17318E7C006F2D5E /* ECGLUniformMatrix4Attribute.h in Headers */ = {isa = PBXBuildFile; fileRef = 2201FDBC17318E7B006F2D5E /* ECGLUniformMatrix4Attribute.h */; settings = {ATTRIBUTES = (Public, ); }; };
		2201FDC017318E7D006F2D5E /* ECGLUniformMatrix4Attribute.m in Sources */ = {isa = PBXBuildFile; fileRef = 2201FDBD17318E7C006F2D5E /* ECGLUniformMatrix4Attribute.m */; };
		2201FDC117318E7D006F2D5E /* ECGLUniformMatrix4Attribute.m in Sources */ = {isa = PBXBuildFile; fileRef = 2201FDBD17318E7C006F2D5E /* ECGLUniformMatrix4Attribute.m */; };
		2201FDC617326368006F2D5E /* ECGLView.h in Headers */ = {isa = PBXBuildFile; fileRef = 2201FDC417326368006F2D5E /* ECGLView.h */; settings = {ATTRIBUTES = (Public, ); }; };
		2201FDC817326368006F2D5E /* ECGLView.m in Sources */ = {isa = PBXBuildFile; fileRef = 2201FDC517326368006F2D5E /* ECGLView.m */; };
		2201FDC917326368006F2D5E /* ECGLView.m in Sources */ = {isa = PBXBuildFile; fileRef = 2201FDC517326368006F2D5E /* ECGLView.m */; };
		2201FDCB1732652D006F2D5E /* CoreVideo.framework in Frameworks */ = {isa = PBXBuildFile; fileRef = 2201FDCA1732652C006F2D5E /* CoreVideo.framework */; };
		2260A2EA15DFD7290057C9DA /* Cocoa.framework in Frameworks */ = {isa = PBXBuildFile; fileRef = 2283A3BB14F52E93009142F7 /* Cocoa.framework */; };
		2260A39B15DFE2DD0057C9DA /* ECLogging.framework in Frameworks */ = {isa = PBXBuildFile; fileRef = 2260A39815DFE2DD0057C9DA /* ECLogging.framework */; };
		2260A3A015DFE6860057C9DA /* ECGL.framework in Frameworks */ = {isa = PBXBuildFile; fileRef = 2260A2E915DFD7290057C9DA /* ECGL.framework */; };
		2260A3A215DFE6860057C9DA /* ECLogging.framework in Frameworks */ = {isa = PBXBuildFile; fileRef = 2260A39815DFE2DD0057C9DA /* ECLogging.framework */; };
		2260A3AA15DFEE0C0057C9DA /* ECLogging.framework in Frameworks */ = {isa = PBXBuildFile; fileRef = 2260A39815DFE2DD0057C9DA /* ECLogging.framework */; };
		2260A3B515DFF1920057C9DA /* ECGL.framework in Frameworks */ = {isa = PBXBuildFile; fileRef = 2260A2E915DFD7290057C9DA /* ECGL.framework */; };
		2283A3F614F52EC0009142F7 /* SenTestingKit.framework in Frameworks */ = {isa = PBXBuildFile; fileRef = 2283A3CD14F52E93009142F7 /* SenTestingKit.framework */; };
		2283A3F714F52EC0009142F7 /* Cocoa.framework in Frameworks */ = {isa = PBXBuildFile; fileRef = 2283A3BB14F52E93009142F7 /* Cocoa.framework */; };
		22C2DB7214FB9CC8005D2E89 /* SenTestingKit.framework in Frameworks */ = {isa = PBXBuildFile; fileRef = 2283A3CD14F52E93009142F7 /* SenTestingKit.framework */; };
/* End PBXBuildFile section */

/* Begin PBXContainerItemProxy section */
		2260A3C315DFF7370057C9DA /* PBXContainerItemProxy */ = {
			isa = PBXContainerItemProxy;
			containerPortal = 0867D690FE84028FC02AAC07 /* Project object */;
			proxyType = 1;
			remoteGlobalIDString = 2260A2E815DFD7290057C9DA;
			remoteInfo = ECCoreMac;
		};
		2260A3C515DFF73F0057C9DA /* PBXContainerItemProxy */ = {
			isa = PBXContainerItemProxy;
			containerPortal = 0867D690FE84028FC02AAC07 /* Project object */;
			proxyType = 1;
			remoteGlobalIDString = 2260A2FC15DFD7320057C9DA;
			remoteInfo = ECCoreIOS;
		};
/* End PBXContainerItemProxy section */

/* Begin PBXFileReference section */
		2201FD6817314A88006F2D5E /* ECGLArrayAttribute.h */ = {isa = PBXFileReference; fileEncoding = 4; lastKnownFileType = sourcecode.c.h; path = ECGLArrayAttribute.h; sourceTree = "<group>"; };
		2201FD6917314A88006F2D5E /* ECGLArrayAttribute.m */ = {isa = PBXFileReference; fileEncoding = 4; lastKnownFileType = sourcecode.c.objc; path = ECGLArrayAttribute.m; sourceTree = "<group>"; };
		2201FD6A17314A88006F2D5E /* ECGLAttribute.h */ = {isa = PBXFileReference; fileEncoding = 4; lastKnownFileType = sourcecode.c.h; path = ECGLAttribute.h; sourceTree = "<group>"; };
		2201FD6B17314A88006F2D5E /* ECGLAttribute.m */ = {isa = PBXFileReference; fileEncoding = 4; lastKnownFileType = sourcecode.c.objc; path = ECGLAttribute.m; sourceTree = "<group>"; };
		2201FD6D17314A88006F2D5E /* ECGLFragmentShader.h */ = {isa = PBXFileReference; fileEncoding = 4; lastKnownFileType = sourcecode.c.h; path = ECGLFragmentShader.h; sourceTree = "<group>"; };
		2201FD6E17314A88006F2D5E /* ECGLFragmentShader.m */ = {isa = PBXFileReference; fileEncoding = 4; lastKnownFileType = sourcecode.c.objc; path = ECGLFragmentShader.m; sourceTree = "<group>"; };
		2201FD6F17314A88006F2D5E /* ECGLGeometry.h */ = {isa = PBXFileReference; fileEncoding = 4; lastKnownFileType = sourcecode.c.h; path = ECGLGeometry.h; sourceTree = "<group>"; };
		2201FD7017314A88006F2D5E /* ECGLGeometry.m */ = {isa = PBXFileReference; fileEncoding = 4; lastKnownFileType = sourcecode.c.objc; path = ECGLGeometry.m; sourceTree = "<group>"; };
		2201FD7117314A88006F2D5E /* ECGLLoader.h */ = {isa = PBXFileReference; fileEncoding = 4; lastKnownFileType = sourcecode.c.h; path = ECGLLoader.h; sourceTree = "<group>"; };
		2201FD7217314A88006F2D5E /* ECGLLoader.m */ = {isa = PBXFileReference; fileEncoding = 4; lastKnownFileType = sourcecode.c.objc; path = ECGLLoader.m; sourceTree = "<group>"; };
		2201FD7317314A88006F2D5E /* ECGLMesh.h */ = {isa = PBXFileReference; fileEncoding = 4; lastKnownFileType = sourcecode.c.h; path = ECGLMesh.h; sourceTree = "<group>"; };
		2201FD7417314A88006F2D5E /* ECGLMesh.m */ = {isa = PBXFileReference; fileEncoding = 4; lastKnownFileType = sourcecode.c.objc; path = ECGLMesh.m; sourceTree = "<group>"; };
		2201FD7517314A88006F2D5E /* ECGLShader.h */ = {isa = PBXFileReference; fileEncoding = 4; lastKnownFileType = sourcecode.c.h; path = ECGLShader.h; sourceTree = "<group>"; };
		2201FD7617314A88006F2D5E /* ECGLShader.m */ = {isa = PBXFileReference; fileEncoding = 4; lastKnownFileType = sourcecode.c.objc; path = ECGLShader.m; sourceTree = "<group>"; };
		2201FD7717314A88006F2D5E /* ECGLShaderProgram.h */ = {isa = PBXFileReference; fileEncoding = 4; lastKnownFileType = sourcecode.c.h; path = ECGLShaderProgram.h; sourceTree = "<group>"; };
		2201FD7817314A88006F2D5E /* ECGLShaderProgram.m */ = {isa = PBXFileReference; fileEncoding = 4; lastKnownFileType = sourcecode.c.objc; path = ECGLShaderProgram.m; sourceTree = "<group>"; };
		2201FD7917314A88006F2D5E /* ECGLTextureLink.h */ = {isa = PBXFileReference; fileEncoding = 4; lastKnownFileType = sourcecode.c.h; path = ECGLTextureLink.h; sourceTree = "<group>"; };
		2201FD7A17314A88006F2D5E /* ECGLTextureLink.m */ = {isa = PBXFileReference; fileEncoding = 4; lastKnownFileType = sourcecode.c.objc; path = ECGLTextureLink.m; sourceTree = "<group>"; };
		2201FD7B17314A88006F2D5E /* ECGLUniformAttribute.h */ = {isa = PBXFileReference; fileEncoding = 4; lastKnownFileType = sourcecode.c.h; path = ECGLUniformAttribute.h; sourceTree = "<group>"; };
		2201FD7C17314A88006F2D5E /* ECGLUniformAttribute.m */ = {isa = PBXFileReference; fileEncoding = 4; lastKnownFileType = sourcecode.c.objc; path = ECGLUniformAttribute.m; sourceTree = "<group>"; };
		2201FD7D17314A88006F2D5E /* ECGLUniformColourAttribute.h */ = {isa = PBXFileReference; fileEncoding = 4; lastKnownFileType = sourcecode.c.h; path = ECGLUniformColourAttribute.h; sourceTree = "<group>"; };
		2201FD7E17314A88006F2D5E /* ECGLUniformColourAttribute.m */ = {isa = PBXFileReference; fileEncoding = 4; lastKnownFileType = sourcecode.c.objc; path = ECGLUniformColourAttribute.m; sourceTree = "<group>"; };
		2201FD7F17314A88006F2D5E /* ECGLVertexShader.h */ = {isa = PBXFileReference; fileEncoding = 4; lastKnownFileType = sourcecode.c.h; path = ECGLVertexShader.h; sourceTree = "<group>"; };
		2201FD8017314A88006F2D5E /* ECGLVertexShader.m */ = {isa = PBXFileReference; fileEncoding = 4; lastKnownFileType = sourcecode.c.objc; path = ECGLVertexShader.m; sourceTree = "<group>"; };
		2201FD9B17314A94006F2D5E /* ECGLTexture.h */ = {isa = PBXFileReference; fileEncoding = 4; lastKnownFileType = sourcecode.c.h; path = ECGLTexture.h; sourceTree = "<group>"; };
		2201FD9C17314A94006F2D5E /* ECGLTexture.m */ = {isa = PBXFileReference; fileEncoding = 4; lastKnownFileType = sourcecode.c.objc; path = ECGLTexture.m; sourceTree = "<group>"; };
		2201FD9D17314A94006F2D5E /* ECGLView.h */ = {isa = PBXFileReference; fileEncoding = 4; lastKnownFileType = sourcecode.c.h; path = ECGLView.h; sourceTree = "<group>"; };
		2201FD9E17314A94006F2D5E /* ECGLView.m */ = {isa = PBXFileReference; fileEncoding = 4; lastKnownFileType = sourcecode.c.objc; path = ECGLView.m; sourceTree = "<group>"; };
		2201FDA317314E85006F2D5E /* GLKit.framework */ = {isa = PBXFileReference; lastKnownFileType = wrapper.framework; name = GLKit.framework; path = Platforms/MacOSX.platform/Developer/SDKs/MacOSX10.8.sdk/System/Library/Frameworks/GLKit.framework; sourceTree = DEVELOPER_DIR; };
		2201FDA517314E8C006F2D5E /* OpenGL.framework */ = {isa = PBXFileReference; lastKnownFileType = wrapper.framework; name = OpenGL.framework; path = Platforms/MacOSX.platform/Developer/SDKs/MacOSX10.8.sdk/System/Library/Frameworks/OpenGL.framework; sourceTree = DEVELOPER_DIR; };
		2201FDA717314F4F006F2D5E /* ECGL.h */ = {isa = PBXFileReference; fileEncoding = 4; lastKnownFileType = sourcecode.c.h; path = ECGL.h; sourceTree = "<group>"; };
		2201FDB6173187AE006F2D5E /* ECGLBoundAttribute.h */ = {isa = PBXFileReference; fileEncoding = 4; lastKnownFileType = sourcecode.c.h; path = ECGLBoundAttribute.h; sourceTree = "<group>"; };
		2201FDB7173187AE006F2D5E /* ECGLBoundAttribute.m */ = {isa = PBXFileReference; fileEncoding = 4; lastKnownFileType = sourcecode.c.objc; path = ECGLBoundAttribute.m; sourceTree = "<group>"; };
		2201FDBC17318E7B006F2D5E /* ECGLUniformMatrix4Attribute.h */ = {isa = PBXFileReference; fileEncoding = 4; lastKnownFileType = sourcecode.c.h; path = ECGLUniformMatrix4Attribute.h; sourceTree = "<group>"; };
		2201FDBD17318E7C006F2D5E /* ECGLUniformMatrix4Attribute.m */ = {isa = PBXFileReference; fileEncoding = 4; lastKnownFileType = sourcecode.c.objc; path = ECGLUniformMatrix4Attribute.m; sourceTree = "<group>"; };
		2201FDC417326368006F2D5E /* ECGLView.h */ = {isa = PBXFileReference; fileEncoding = 4; lastKnownFileType = sourcecode.c.h; path = ECGLView.h; sourceTree = "<group>"; };
		2201FDC517326368006F2D5E /* ECGLView.m */ = {isa = PBXFileReference; fileEncoding = 4; lastKnownFileType = sourcecode.c.objc; path = ECGLView.m; sourceTree = "<group>"; };
		2201FDCA1732652C006F2D5E /* CoreVideo.framework */ = {isa = PBXFileReference; lastKnownFileType = wrapper.framework; name = CoreVideo.framework; path = Platforms/MacOSX.platform/Developer/SDKs/MacOSX10.8.sdk/System/Library/Frameworks/CoreVideo.framework; sourceTree = DEVELOPER_DIR; };
		2260A2E915DFD7290057C9DA /* ECGL.framework */ = {isa = PBXFileReference; explicitFileType = wrapper.framework; includeInIndex = 0; path = ECGL.framework; sourceTree = BUILT_PRODUCTS_DIR; };
		2260A2FD15DFD7320057C9DA /* ECGL.framework */ = {isa = PBXFileReference; explicitFileType = wrapper.cfbundle; includeInIndex = 0; path = ECGL.framework; sourceTree = BUILT_PRODUCTS_DIR; };
		2260A30C15DFD96D0057C9DA /* IOSDebug.xcconfig */ = {isa = PBXFileReference; lastKnownFileType = text.xcconfig; path = IOSDebug.xcconfig; sourceTree = "<group>"; };
		2260A30D15DFD96D0057C9DA /* IOSRelease.xcconfig */ = {isa = PBXFileReference; lastKnownFileType = text.xcconfig; path = IOSRelease.xcconfig; sourceTree = "<group>"; };
		2260A30E15DFD96D0057C9DA /* IOSUnitTestDebug.xcconfig */ = {isa = PBXFileReference; lastKnownFileType = text.xcconfig; path = IOSUnitTestDebug.xcconfig; sourceTree = "<group>"; };
		2260A30F15DFD96D0057C9DA /* IOSUnitTestRelease.xcconfig */ = {isa = PBXFileReference; lastKnownFileType = text.xcconfig; path = IOSUnitTestRelease.xcconfig; sourceTree = "<group>"; };
		2260A31015DFD96D0057C9DA /* MacDebug.xcconfig */ = {isa = PBXFileReference; lastKnownFileType = text.xcconfig; path = MacDebug.xcconfig; sourceTree = "<group>"; };
		2260A31115DFD96D0057C9DA /* MacRelease.xcconfig */ = {isa = PBXFileReference; lastKnownFileType = text.xcconfig; path = MacRelease.xcconfig; sourceTree = "<group>"; };
		2260A31215DFD96D0057C9DA /* MacUnitTestDebug.xcconfig */ = {isa = PBXFileReference; lastKnownFileType = text.xcconfig; path = MacUnitTestDebug.xcconfig; sourceTree = "<group>"; };
		2260A31315DFD96D0057C9DA /* MacUnitTestRelease.xcconfig */ = {isa = PBXFileReference; lastKnownFileType = text.xcconfig; path = MacUnitTestRelease.xcconfig; sourceTree = "<group>"; };
		2260A39615DFDC600057C9DA /* Shared.xcconfig */ = {isa = PBXFileReference; lastKnownFileType = text.xcconfig; path = Shared.xcconfig; sourceTree = "<group>"; };
		2260A39715DFE2DC0057C9DA /* ECConfig.framework */ = {isa = PBXFileReference; lastKnownFileType = wrapper.framework; name = ECConfig.framework; path = "/Caches/DerivedData/ECCore-hiysxjmtcntpjqfceiihpzpvphke/Build/Products/Debug/ECConfig.framework"; sourceTree = "<absolute>"; };
		2260A39815DFE2DD0057C9DA /* ECLogging.framework */ = {isa = PBXFileReference; lastKnownFileType = wrapper.framework; name = ECLogging.framework; path = "/Caches/DerivedData/ECCore-hiysxjmtcntpjqfceiihpzpvphke/Build/Products/Debug/ECLogging.framework"; sourceTree = "<absolute>"; };
		2260A3AC15DFEF4F0057C9DA /* Info.plist */ = {isa = PBXFileReference; lastKnownFileType = text.plist.xml; name = Info.plist; path = Resources/Info.plist; sourceTree = SOURCE_ROOT; };
		226C205C14FBCB8F00D2751B /* Scripts */ = {isa = PBXFileReference; lastKnownFileType = folder; path = Scripts; sourceTree = "<group>"; };
		22728A66124A240500A9881F /* ECGLDebug.pch */ = {isa = PBXFileReference; fileEncoding = 4; lastKnownFileType = sourcecode.c.h; path = ECGLDebug.pch; sourceTree = "<group>"; };
		22728A67124A240500A9881F /* ECGLRelease.pch */ = {isa = PBXFileReference; fileEncoding = 4; lastKnownFileType = sourcecode.c.h; path = ECGLRelease.pch; sourceTree = "<group>"; };
		22728A68124A240500A9881F /* ECGLShared.pch */ = {isa = PBXFileReference; fileEncoding = 4; lastKnownFileType = sourcecode.c.h; path = ECGLShared.pch; sourceTree = "<group>"; };
		2283A3BB14F52E93009142F7 /* Cocoa.framework */ = {isa = PBXFileReference; lastKnownFileType = wrapper.framework; name = Cocoa.framework; path = System/Library/Frameworks/Cocoa.framework; sourceTree = SDKROOT; };
		2283A3CD14F52E93009142F7 /* SenTestingKit.framework */ = {isa = PBXFileReference; lastKnownFileType = wrapper.framework; name = SenTestingKit.framework; path = Library/Frameworks/SenTestingKit.framework; sourceTree = DEVELOPER_DIR; };
		2283A3F514F52EC0009142F7 /* ECGLMacTests.octest */ = {isa = PBXFileReference; explicitFileType = wrapper.cfbundle; includeInIndex = 0; path = ECGLMacTests.octest; sourceTree = BUILT_PRODUCTS_DIR; };
		22C2DB7114FB9CC8005D2E89 /* ECGLIOSTests.octest */ = {isa = PBXFileReference; explicitFileType = wrapper.cfbundle; includeInIndex = 0; path = ECGLIOSTests.octest; sourceTree = BUILT_PRODUCTS_DIR; };
/* End PBXFileReference section */

/* Begin PBXFrameworksBuildPhase section */
		2260A2E515DFD7290057C9DA /* Frameworks */ = {
			isa = PBXFrameworksBuildPhase;
			buildActionMask = 2147483647;
			files = (
				2201FDCB1732652D006F2D5E /* CoreVideo.framework in Frameworks */,
				2201FDA617314E8C006F2D5E /* OpenGL.framework in Frameworks */,
				2201FDA417314E85006F2D5E /* GLKit.framework in Frameworks */,
				2260A39B15DFE2DD0057C9DA /* ECLogging.framework in Frameworks */,
				2260A2EA15DFD7290057C9DA /* Cocoa.framework in Frameworks */,
			);
			runOnlyForDeploymentPostprocessing = 0;
		};
		2260A2FA15DFD7320057C9DA /* Frameworks */ = {
			isa = PBXFrameworksBuildPhase;
			buildActionMask = 2147483647;
			files = (
			);
			runOnlyForDeploymentPostprocessing = 0;
		};
		2283A3F114F52EC0009142F7 /* Frameworks */ = {
			isa = PBXFrameworksBuildPhase;
			buildActionMask = 2147483647;
			files = (
				2260A3A015DFE6860057C9DA /* ECGL.framework in Frameworks */,
				2260A3A215DFE6860057C9DA /* ECLogging.framework in Frameworks */,
				2283A3F614F52EC0009142F7 /* SenTestingKit.framework in Frameworks */,
				2283A3F714F52EC0009142F7 /* Cocoa.framework in Frameworks */,
			);
			runOnlyForDeploymentPostprocessing = 0;
		};
		22C2DB6D14FB9CC8005D2E89 /* Frameworks */ = {
			isa = PBXFrameworksBuildPhase;
			buildActionMask = 2147483647;
			files = (
				2260A3B515DFF1920057C9DA /* ECGL.framework in Frameworks */,
				2260A3AA15DFEE0C0057C9DA /* ECLogging.framework in Frameworks */,
				22C2DB7214FB9CC8005D2E89 /* SenTestingKit.framework in Frameworks */,
			);
			runOnlyForDeploymentPostprocessing = 0;
		};
/* End PBXFrameworksBuildPhase section */

/* Begin PBXGroup section */
		034768DFFF38A50411DB9C8B /* Products */ = {
			isa = PBXGroup;
			children = (
				2283A3F514F52EC0009142F7 /* ECGLMacTests.octest */,
				22C2DB7114FB9CC8005D2E89 /* ECGLIOSTests.octest */,
				2260A2E915DFD7290057C9DA /* ECGL.framework */,
				2260A2FD15DFD7320057C9DA /* ECGL.framework */,
			);
			name = Products;
			sourceTree = "<group>";
		};
		0867D691FE84028FC02AAC07 /* ECFoundation */ = {
			isa = PBXGroup;
			children = (
				2260A30B15DFD8FB0057C9DA /* Source */,
				089C1665FE841158C02AAC07 /* Resources */,
				226C205C14FBCB8F00D2751B /* Scripts */,
				0867D69AFE84028FC02AAC07 /* Frameworks */,
				034768DFFF38A50411DB9C8B /* Products */,
			);
			name = ECFoundation;
			sourceTree = "<group>";
			usesTabs = 1;
		};
		0867D69AFE84028FC02AAC07 /* Frameworks */ = {
			isa = PBXGroup;
			children = (
				2201FDCA1732652C006F2D5E /* CoreVideo.framework */,
				2201FDA517314E8C006F2D5E /* OpenGL.framework */,
				2201FDA317314E85006F2D5E /* GLKit.framework */,
				2260A39715DFE2DC0057C9DA /* ECConfig.framework */,
				2260A39815DFE2DD0057C9DA /* ECLogging.framework */,
				2283A3BB14F52E93009142F7 /* Cocoa.framework */,
				2283A3CD14F52E93009142F7 /* SenTestingKit.framework */,
			);
			name = Frameworks;
			sourceTree = "<group>";
		};
		089C1665FE841158C02AAC07 /* Resources */ = {
			isa = PBXGroup;
			children = (
				2260A3AC15DFEF4F0057C9DA /* Info.plist */,
			);
			path = Resources;
			sourceTree = "<group>";
		};
		2201FD6717314A88006F2D5E /* Generic */ = {
			isa = PBXGroup;
			children = (
				2201FDA717314F4F006F2D5E /* ECGL.h */,
				2201FD6817314A88006F2D5E /* ECGLArrayAttribute.h */,
				2201FD6917314A88006F2D5E /* ECGLArrayAttribute.m */,
				2201FD6A17314A88006F2D5E /* ECGLAttribute.h */,
				2201FD6B17314A88006F2D5E /* ECGLAttribute.m */,
				2201FDB6173187AE006F2D5E /* ECGLBoundAttribute.h */,
				2201FDB7173187AE006F2D5E /* ECGLBoundAttribute.m */,
				2201FD6D17314A88006F2D5E /* ECGLFragmentShader.h */,
				2201FD6E17314A88006F2D5E /* ECGLFragmentShader.m */,
				2201FD6F17314A88006F2D5E /* ECGLGeometry.h */,
				2201FD7017314A88006F2D5E /* ECGLGeometry.m */,
				2201FD7117314A88006F2D5E /* ECGLLoader.h */,
				2201FD7217314A88006F2D5E /* ECGLLoader.m */,
				2201FD7317314A88006F2D5E /* ECGLMesh.h */,
				2201FD7417314A88006F2D5E /* ECGLMesh.m */,
				2201FD7517314A88006F2D5E /* ECGLShader.h */,
				2201FD7617314A88006F2D5E /* ECGLShader.m */,
				2201FD7717314A88006F2D5E /* ECGLShaderProgram.h */,
				2201FD7817314A88006F2D5E /* ECGLShaderProgram.m */,
				2201FD7917314A88006F2D5E /* ECGLTextureLink.h */,
				2201FD7A17314A88006F2D5E /* ECGLTextureLink.m */,
				2201FD7B17314A88006F2D5E /* ECGLUniformAttribute.h */,
				2201FD7C17314A88006F2D5E /* ECGLUniformAttribute.m */,
				2201FD7D17314A88006F2D5E /* ECGLUniformColourAttribute.h */,
				2201FD7E17314A88006F2D5E /* ECGLUniformColourAttribute.m */,
				2201FDBC17318E7B006F2D5E /* ECGLUniformMatrix4Attribute.h */,
				2201FDBD17318E7C006F2D5E /* ECGLUniformMatrix4Attribute.m */,
				2201FD7F17314A88006F2D5E /* ECGLVertexShader.h */,
				2201FD8017314A88006F2D5E /* ECGLVertexShader.m */,
			);
			path = Generic;
			sourceTree = "<group>";
		};
		2201FD9A17314A94006F2D5E /* iOS */ = {
			isa = PBXGroup;
			children = (
				2201FD9B17314A94006F2D5E /* ECGLTexture.h */,
				2201FD9C17314A94006F2D5E /* ECGLTexture.m */,
				2201FD9D17314A94006F2D5E /* ECGLView.h */,
				2201FD9E17314A94006F2D5E /* ECGLView.m */,
			);
			path = iOS;
			sourceTree = "<group>";
		};
		2210B5D41152E630006C6CCA /* Configuration */ = {
			isa = PBXGroup;
			children = (
				2260A30C15DFD96D0057C9DA /* IOSDebug.xcconfig */,
				2260A30D15DFD96D0057C9DA /* IOSRelease.xcconfig */,
				2260A30E15DFD96D0057C9DA /* IOSUnitTestDebug.xcconfig */,
				2260A30F15DFD96D0057C9DA /* IOSUnitTestRelease.xcconfig */,
				2260A31015DFD96D0057C9DA /* MacDebug.xcconfig */,
				2260A31115DFD96D0057C9DA /* MacRelease.xcconfig */,
				2260A31215DFD96D0057C9DA /* MacUnitTestDebug.xcconfig */,
				2260A31315DFD96D0057C9DA /* MacUnitTestRelease.xcconfig */,
				2260A39615DFDC600057C9DA /* Shared.xcconfig */,
			);
			path = Configuration;
			sourceTree = "<group>";
		};
		2260A30B15DFD8FB0057C9DA /* Source */ = {
			isa = PBXGroup;
			children = (
				2210B5D41152E630006C6CCA /* Configuration */,
				2201FD6717314A88006F2D5E /* Generic */,
				2201FD9A17314A94006F2D5E /* iOS */,
				22CA557F13DA09FF007E89E2 /* Mac */,
				22728A64124A240500A9881F /* Prefix */,
			);
			path = Source;
			sourceTree = "<group>";
		};
		22728A64124A240500A9881F /* Prefix */ = {
			isa = PBXGroup;
			children = (
				22728A66124A240500A9881F /* ECGLDebug.pch */,
				22728A67124A240500A9881F /* ECGLRelease.pch */,
				22728A68124A240500A9881F /* ECGLShared.pch */,
			);
			path = Prefix;
			sourceTree = "<group>";
		};
		22CA557F13DA09FF007E89E2 /* Mac */ = {
			isa = PBXGroup;
			children = (
				2201FDC417326368006F2D5E /* ECGLView.h */,
				2201FDC517326368006F2D5E /* ECGLView.m */,
			);
			path = Mac;
			sourceTree = "<group>";
		};
/* End PBXGroup section */

/* Begin PBXHeadersBuildPhase section */
		2260A2E615DFD7290057C9DA /* Headers */ = {
			isa = PBXHeadersBuildPhase;
			buildActionMask = 2147483647;
			files = (
				2201FD8117314A88006F2D5E /* ECGLArrayAttribute.h in Headers */,
				2201FD8317314A88006F2D5E /* ECGLAttribute.h in Headers */,
				2201FD8617314A88006F2D5E /* ECGLFragmentShader.h in Headers */,
				2201FD8817314A88006F2D5E /* ECGLGeometry.h in Headers */,
				2201FD8A17314A88006F2D5E /* ECGLLoader.h in Headers */,
				2201FD8C17314A88006F2D5E /* ECGLMesh.h in Headers */,
				2201FD8E17314A88006F2D5E /* ECGLShader.h in Headers */,
				2201FD9017314A88006F2D5E /* ECGLShaderProgram.h in Headers */,
				2201FD9217314A88006F2D5E /* ECGLTextureLink.h in Headers */,
				2201FD9417314A88006F2D5E /* ECGLUniformAttribute.h in Headers */,
				2201FD9617314A88006F2D5E /* ECGLUniformColourAttribute.h in Headers */,
				2201FD9817314A88006F2D5E /* ECGLVertexShader.h in Headers */,
				2201FDA817314F4F006F2D5E /* ECGL.h in Headers */,
				2201FDB8173187AF006F2D5E /* ECGLBoundAttribute.h in Headers */,
				2201FDBE17318E7C006F2D5E /* ECGLUniformMatrix4Attribute.h in Headers */,
				2201FDC617326368006F2D5E /* ECGLView.h in Headers */,
			);
			runOnlyForDeploymentPostprocessing = 0;
		};
		2260A33F15DFDB680057C9DA /* Headers */ = {
			isa = PBXHeadersBuildPhase;
			buildActionMask = 2147483647;
			files = (
				2201FD9F17314A94006F2D5E /* ECGLTexture.h in Headers */,
				2201FDA117314A94006F2D5E /* ECGLView.h in Headers */,
				2201FDA917314F4F006F2D5E /* ECGL.h in Headers */,
				2201FDB9173187AF006F2D5E /* ECGLBoundAttribute.h in Headers */,
				2201FDBF17318E7C006F2D5E /* ECGLUniformMatrix4Attribute.h in Headers */,
			);
			runOnlyForDeploymentPostprocessing = 0;
		};
/* End PBXHeadersBuildPhase section */

/* Begin PBXNativeTarget section */
		2260A2E815DFD7290057C9DA /* ECGLMac */ = {
			isa = PBXNativeTarget;
			buildConfigurationList = 2260A2F515DFD7290057C9DA /* Build configuration list for PBXNativeTarget "ECGLMac" */;
			buildPhases = (
				2260A2E415DFD7290057C9DA /* Sources */,
				2260A2E515DFD7290057C9DA /* Frameworks */,
				2260A2E615DFD7290057C9DA /* Headers */,
				2260A2E715DFD7290057C9DA /* Resources */,
			);
			buildRules = (
			);
			dependencies = (
			);
			name = ECGLMac;
			productName = MacFramework;
			productReference = 2260A2E915DFD7290057C9DA /* ECGL.framework */;
			productType = "com.apple.product-type.framework";
		};
		2260A2FC15DFD7320057C9DA /* ECGLIOS */ = {
			isa = PBXNativeTarget;
			buildConfigurationList = 2260A30715DFD7320057C9DA /* Build configuration list for PBXNativeTarget "ECGLIOS" */;
			buildPhases = (
				2260A2F915DFD7320057C9DA /* Sources */,
				2260A33F15DFDB680057C9DA /* Headers */,
				2260A2FA15DFD7320057C9DA /* Frameworks */,
				2260A2FB15DFD7320057C9DA /* Resources */,
				2260A39F15DFE3CF0057C9DA /* ShellScript */,
			);
			buildRules = (
			);
			dependencies = (
			);
			name = ECGLIOS;
			productName = "iOS Bundle";
			productReference = 2260A2FD15DFD7320057C9DA /* ECGL.framework */;
			productType = "com.apple.product-type.bundle";
		};
		2283A3F414F52EC0009142F7 /* ECGLMacTests */ = {
			isa = PBXNativeTarget;
			buildConfigurationList = 2283A40814F52EC0009142F7 /* Build configuration list for PBXNativeTarget "ECGLMacTests" */;
			buildPhases = (
				2283A3F014F52EC0009142F7 /* Sources */,
				2283A3F114F52EC0009142F7 /* Frameworks */,
				2283A3F214F52EC0009142F7 /* Resources */,
				2283A3F314F52EC0009142F7 /* ShellScript */,
			);
			buildRules = (
			);
			dependencies = (
				2260A3C415DFF7370057C9DA /* PBXTargetDependency */,
			);
			name = ECGLMacTests;
			productName = libECCoreMacTests;
			productReference = 2283A3F514F52EC0009142F7 /* ECGLMacTests.octest */;
			productType = "com.apple.product-type.bundle";
		};
		22C2DB7014FB9CC8005D2E89 /* ECGLIOSTests */ = {
			isa = PBXNativeTarget;
			buildConfigurationList = 22C2DB8614FB9CC8005D2E89 /* Build configuration list for PBXNativeTarget "ECGLIOSTests" */;
			buildPhases = (
				22C2DB6C14FB9CC8005D2E89 /* Sources */,
				22C2DB6D14FB9CC8005D2E89 /* Frameworks */,
				22C2DB6E14FB9CC8005D2E89 /* Resources */,
				22C2DB6F14FB9CC8005D2E89 /* ShellScript */,
			);
			buildRules = (
			);
			dependencies = (
				2260A3C615DFF73F0057C9DA /* PBXTargetDependency */,
			);
			name = ECGLIOSTests;
			productName = ECCoreIOSTests;
			productReference = 22C2DB7114FB9CC8005D2E89 /* ECGLIOSTests.octest */;
			productType = "com.apple.product-type.bundle";
		};
/* End PBXNativeTarget section */

/* Begin PBXProject section */
		0867D690FE84028FC02AAC07 /* Project object */ = {
			isa = PBXProject;
			attributes = {
				LastUpgradeCheck = 0450;
				ORGANIZATIONNAME = "Elegant Chaos";
			};
			buildConfigurationList = 1DEB91B108733DA50010E9CD /* Build configuration list for PBXProject "ECGL" */;
			compatibilityVersion = "Xcode 3.2";
			developmentRegion = English;
			hasScannedForEncodings = 1;
			knownRegions = (
				English,
				Japanese,
				French,
				German,
				en,
				ec,
			);
			mainGroup = 0867D691FE84028FC02AAC07 /* ECFoundation */;
			productRefGroup = 034768DFFF38A50411DB9C8B /* Products */;
			projectDirPath = "";
			projectRoot = "";
			targets = (
				2260A2E815DFD7290057C9DA /* ECGLMac */,
				2260A2FC15DFD7320057C9DA /* ECGLIOS */,
				2283A3F414F52EC0009142F7 /* ECGLMacTests */,
				22C2DB7014FB9CC8005D2E89 /* ECGLIOSTests */,
			);
		};
/* End PBXProject section */

/* Begin PBXResourcesBuildPhase section */
		2260A2E715DFD7290057C9DA /* Resources */ = {
			isa = PBXResourcesBuildPhase;
			buildActionMask = 2147483647;
			files = (
			);
			runOnlyForDeploymentPostprocessing = 0;
		};
		2260A2FB15DFD7320057C9DA /* Resources */ = {
			isa = PBXResourcesBuildPhase;
			buildActionMask = 2147483647;
			files = (
			);
			runOnlyForDeploymentPostprocessing = 0;
		};
		2283A3F214F52EC0009142F7 /* Resources */ = {
			isa = PBXResourcesBuildPhase;
			buildActionMask = 2147483647;
			files = (
			);
			runOnlyForDeploymentPostprocessing = 0;
		};
		22C2DB6E14FB9CC8005D2E89 /* Resources */ = {
			isa = PBXResourcesBuildPhase;
			buildActionMask = 2147483647;
			files = (
			);
			runOnlyForDeploymentPostprocessing = 0;
		};
/* End PBXResourcesBuildPhase section */

/* Begin PBXShellScriptBuildPhase section */
		2260A39F15DFE3CF0057C9DA /* ShellScript */ = {
			isa = PBXShellScriptBuildPhase;
			buildActionMask = 2147483647;
			files = (
			);
			inputPaths = (
			);
			outputPaths = (
			);
			runOnlyForDeploymentPostprocessing = 0;
			shellPath = /bin/sh;
			shellScript = "\"${ECLOGGING_SCRIPTS_PATH}/package-pseudo-framework.sh\"";
		};
		2283A3F314F52EC0009142F7 /* ShellScript */ = {
			isa = PBXShellScriptBuildPhase;
			buildActionMask = 2147483647;
			files = (
			);
			inputPaths = (
			);
			outputPaths = (
			);
			runOnlyForDeploymentPostprocessing = 0;
			shellPath = /bin/sh;
			shellScript = "# Run the unit tests in this test bundle.\n\"${SYSTEM_DEVELOPER_DIR}/Tools/RunUnitTests\"\n";
		};
		22C2DB6F14FB9CC8005D2E89 /* ShellScript */ = {
			isa = PBXShellScriptBuildPhase;
			buildActionMask = 2147483647;
			files = (
			);
			inputPaths = (
			);
			outputPaths = (
			);
			runOnlyForDeploymentPostprocessing = 0;
			shellPath = /bin/sh;
			shellScript = "# Run the unit tests in this test bundle.\n\"${SYSTEM_DEVELOPER_DIR}/Tools/RunUnitTests\"\n";
		};
/* End PBXShellScriptBuildPhase section */

/* Begin PBXSourcesBuildPhase section */
		2260A2E415DFD7290057C9DA /* Sources */ = {
			isa = PBXSourcesBuildPhase;
			buildActionMask = 2147483647;
			files = (
				2201FD8217314A88006F2D5E /* ECGLArrayAttribute.m in Sources */,
				2201FD8417314A88006F2D5E /* ECGLAttribute.m in Sources */,
				2201FD8717314A88006F2D5E /* ECGLFragmentShader.m in Sources */,
				2201FD8917314A88006F2D5E /* ECGLGeometry.m in Sources */,
				2201FD8B17314A88006F2D5E /* ECGLLoader.m in Sources */,
				2201FD8D17314A88006F2D5E /* ECGLMesh.m in Sources */,
				2201FD8F17314A88006F2D5E /* ECGLShader.m in Sources */,
				2201FD9117314A88006F2D5E /* ECGLShaderProgram.m in Sources */,
				2201FD9317314A88006F2D5E /* ECGLTextureLink.m in Sources */,
				2201FD9517314A88006F2D5E /* ECGLUniformAttribute.m in Sources */,
				2201FD9717314A88006F2D5E /* ECGLUniformColourAttribute.m in Sources */,
				2201FD9917314A88006F2D5E /* ECGLVertexShader.m in Sources */,
				2201FDBA173187AF006F2D5E /* ECGLBoundAttribute.m in Sources */,
				2201FDC017318E7D006F2D5E /* ECGLUniformMatrix4Attribute.m in Sources */,
				2201FDC817326368006F2D5E /* ECGLView.m in Sources */,
			);
			runOnlyForDeploymentPostprocessing = 0;
		};
		2260A2F915DFD7320057C9DA /* Sources */ = {
			isa = PBXSourcesBuildPhase;
			buildActionMask = 2147483647;
			files = (
				2201FDA017314A94006F2D5E /* ECGLTexture.m in Sources */,
				2201FDA217314A94006F2D5E /* ECGLView.m in Sources */,
				2201FDBB173187AF006F2D5E /* ECGLBoundAttribute.m in Sources */,
				2201FDC117318E7D006F2D5E /* ECGLUniformMatrix4Attribute.m in Sources */,
				2201FDC917326368006F2D5E /* ECGLView.m in Sources */,
			);
			runOnlyForDeploymentPostprocessing = 0;
		};
		2283A3F014F52EC0009142F7 /* Sources */ = {
			isa = PBXSourcesBuildPhase;
			buildActionMask = 2147483647;
			files = (
			);
			runOnlyForDeploymentPostprocessing = 0;
		};
		22C2DB6C14FB9CC8005D2E89 /* Sources */ = {
			isa = PBXSourcesBuildPhase;
			buildActionMask = 2147483647;
			files = (
			);
			runOnlyForDeploymentPostprocessing = 0;
		};
/* End PBXSourcesBuildPhase section */

/* Begin PBXTargetDependency section */
		2260A3C415DFF7370057C9DA /* PBXTargetDependency */ = {
			isa = PBXTargetDependency;
			target = 2260A2E815DFD7290057C9DA /* ECGLMac */;
			targetProxy = 2260A3C315DFF7370057C9DA /* PBXContainerItemProxy */;
		};
		2260A3C615DFF73F0057C9DA /* PBXTargetDependency */ = {
			isa = PBXTargetDependency;
			target = 2260A2FC15DFD7320057C9DA /* ECGLIOS */;
			targetProxy = 2260A3C515DFF73F0057C9DA /* PBXContainerItemProxy */;
		};
/* End PBXTargetDependency section */

/* Begin XCBuildConfiguration section */
		1DEB91B208733DA50010E9CD /* Debug */ = {
			isa = XCBuildConfiguration;
			buildSettings = {
			};
			name = Debug;
		};
		1DEB91B308733DA50010E9CD /* Release */ = {
			isa = XCBuildConfiguration;
			buildSettings = {
			};
			name = Release;
		};
		2260A2F615DFD7290057C9DA /* Debug */ = {
			isa = XCBuildConfiguration;
			baseConfigurationReference = 2260A31015DFD96D0057C9DA /* MacDebug.xcconfig */;
			buildSettings = {
				COMBINE_HIDPI_IMAGES = YES;
				GCC_PREFIX_HEADER = "Source/Prefix/$(PRODUCT_NAME)$(CONFIGURATION).pch";
			};
			name = Debug;
		};
		2260A2F715DFD7290057C9DA /* Release */ = {
			isa = XCBuildConfiguration;
			baseConfigurationReference = 2260A31115DFD96D0057C9DA /* MacRelease.xcconfig */;
			buildSettings = {
				COMBINE_HIDPI_IMAGES = YES;
				GCC_PREFIX_HEADER = "Source/Prefix/$(PRODUCT_NAME)$(CONFIGURATION).pch";
			};
			name = Release;
		};
		2260A30815DFD7320057C9DA /* Debug */ = {
			isa = XCBuildConfiguration;
			baseConfigurationReference = 2260A30C15DFD96D0057C9DA /* IOSDebug.xcconfig */;
			buildSettings = {
			};
			name = Debug;
		};
		2260A30915DFD7320057C9DA /* Release */ = {
			isa = XCBuildConfiguration;
			baseConfigurationReference = 2260A30D15DFD96D0057C9DA /* IOSRelease.xcconfig */;
			buildSettings = {
			};
			name = Release;
		};
		2283A40914F52EC0009142F7 /* Debug */ = {
			isa = XCBuildConfiguration;
			baseConfigurationReference = 2260A31215DFD96D0057C9DA /* MacUnitTestDebug.xcconfig */;
			buildSettings = {
				COMBINE_HIDPI_IMAGES = YES;
				OTHER_LDFLAGS = (
					"-all_load",
					"-ObjC",
				);
			};
			name = Debug;
		};
		2283A40A14F52EC0009142F7 /* Release */ = {
			isa = XCBuildConfiguration;
			baseConfigurationReference = 2260A31315DFD96D0057C9DA /* MacUnitTestRelease.xcconfig */;
			buildSettings = {
				COMBINE_HIDPI_IMAGES = YES;
				OTHER_LDFLAGS = (
					"-all_load",
					"-ObjC",
				);
			};
			name = Release;
		};
		22C2DB8714FB9CC8005D2E89 /* Debug */ = {
			isa = XCBuildConfiguration;
			baseConfigurationReference = 2260A30E15DFD96D0057C9DA /* IOSUnitTestDebug.xcconfig */;
			buildSettings = {
				OTHER_LDFLAGS = (
					"-all_load",
					"-ObjC",
				);
			};
			name = Debug;
		};
		22C2DB8814FB9CC8005D2E89 /* Release */ = {
			isa = XCBuildConfiguration;
			baseConfigurationReference = 2260A30F15DFD96D0057C9DA /* IOSUnitTestRelease.xcconfig */;
			buildSettings = {
				OTHER_LDFLAGS = (
					"-all_load",
					"-ObjC",
				);
			};
			name = Release;
		};
/* End XCBuildConfiguration section */

/* Begin XCConfigurationList section */
		1DEB91B108733DA50010E9CD /* Build configuration list for PBXProject "ECGL" */ = {
			isa = XCConfigurationList;
			buildConfigurations = (
				1DEB91B208733DA50010E9CD /* Debug */,
				1DEB91B308733DA50010E9CD /* Release */,
			);
			defaultConfigurationIsVisible = 0;
			defaultConfigurationName = Release;
		};
		2260A2F515DFD7290057C9DA /* Build configuration list for PBXNativeTarget "ECGLMac" */ = {
			isa = XCConfigurationList;
			buildConfigurations = (
				2260A2F615DFD7290057C9DA /* Debug */,
				2260A2F715DFD7290057C9DA /* Release */,
			);
			defaultConfigurationIsVisible = 0;
			defaultConfigurationName = Release;
		};
		2260A30715DFD7320057C9DA /* Build configuration list for PBXNativeTarget "ECGLIOS" */ = {
			isa = XCConfigurationList;
			buildConfigurations = (
				2260A30815DFD7320057C9DA /* Debug */,
				2260A30915DFD7320057C9DA /* Release */,
			);
			defaultConfigurationIsVisible = 0;
			defaultConfigurationName = Release;
		};
		2283A40814F52EC0009142F7 /* Build configuration list for PBXNativeTarget "ECGLMacTests" */ = {
			isa = XCConfigurationList;
			buildConfigurations = (
				2283A40914F52EC0009142F7 /* Debug */,
				2283A40A14F52EC0009142F7 /* Release */,
			);
			defaultConfigurationIsVisible = 0;
			defaultConfigurationName = Release;
		};
		22C2DB8614FB9CC8005D2E89 /* Build configuration list for PBXNativeTarget "ECGLIOSTests" */ = {
			isa = XCConfigurationList;
			buildConfigurations = (
				22C2DB8714FB9CC8005D2E89 /* Debug */,
				22C2DB8814FB9CC8005D2E89 /* Release */,
			);
			defaultConfigurationIsVisible = 0;
			defaultConfigurationName = Release;
		};
/* End XCConfigurationList section */
	};
	rootObject = 0867D690FE84028FC02AAC07 /* Project object */;
}
